{
  "requires": true,
  "lockfileVersion": 1,
  "dependencies": {
    "bootstrap-grid": {
      "version": "3.0.1",
      "resolved": "https://registry.npmjs.org/bootstrap-grid/-/bootstrap-grid-3.0.1.tgz",
      "integrity": "sha512-KknujCSUh2186oAykDunjqxjafTKs/dktSQGyX0726RjmBFMfaYGTE2VppjfT634jFySPLGdS0jgTKknBlY2fg=="
    }
  }
}
